
Microsoft Visual Studio Solution File, Format Version 12.00
# Visual Studio Version 17
VisualStudioVersion = 17.6.33508.377
MinimumVisualStudioVersion = 10.0.40219.1
Project("{6EC3EE1D-3C4E-46DD-8F32-0CC8E7565705}") = "Array.Parallel.Aggs.Benchmark", "Array.Parallel.Aggs.Benchmark.fsproj", "{04095713-AFAE-46E6-B6C4-D715DBDA5C85}"
EndProject
Global
	GlobalSection(SolutionConfigurationPlatforms) = preSolution
		Debug|Any CPU = Debug|Any CPU
		Release|Any CPU = Release|Any CPU
	EndGlobalSection
	GlobalSection(ProjectConfigurationPlatforms) = postSolution
		{04095713-AFAE-46E6-B6C4-D715DBDA5C85}.Debug|Any CPU.ActiveCfg = Debug|Any CPU
		{04095713-AFAE-46E6-B6C4-D715DBDA5C85}.Debug|Any CPU.Build.0 = Debug|Any CPU
		{04095713-AFAE-46E6-B6C4-D715DBDA5C85}.Release|Any CPU.ActiveCfg = Release|Any CPU
		{04095713-AFAE-46E6-B6C4-D715DBDA5C85}.Release|Any CPU.Build.0 = Release|Any CPU
	EndGlobalSection
	GlobalSection(SolutionProperties) = preSolution
		HideSolutionNode = FALSE
	EndGlobalSection
	GlobalSection(ExtensibilityGlobals) = postSolution
		SolutionGuid = {A55C771C-08EF-47B1-8000-FA9A00FAE238}
	EndGlobalSection
EndGlobal
